
Microsoft Visual Studio Solution File, Format Version 12.00
# Visual Studio Version 16
VisualStudioVersion = 16.0.31112.23
MinimumVisualStudioVersion = 10.0.40219.1
Project("{2150E333-8FDC-42A3-9474-1A3956D46DE8}") = "Solution Items", "Solution Items", "{7BA61FAC-BC11-45AA-92BD-425EC3249CCE}"
	ProjectSection(SolutionItems) = preProject
		README.md = README.md
	EndProjectSection
EndProject
Project("{9A19103F-16F7-4668-BE54-9A1E7A4F7556}") = "RhinoPlugin.Tests.Xunit", "Src\RhinoPlugin.Tests.Xunit\RhinoPlugin.Tests.Xunit.csproj", "{804B1957-C51A-4A75-85EA-3575CFD77902}"
EndProject
Project("{9A19103F-16F7-4668-BE54-9A1E7A4F7556}") = "RhinoPlugin.Tests", "Src\RhinoPlugin.Tests\RhinoPlugin.Tests.csproj", "{5F877072-8EA6-4CE3-9A6B-6CF201E3CB73}"
EndProject
Project("{FAE04EC0-301F-11D3-BF4B-00C04F79EFBC}") = "RhinoPlugin.Tests.RHInside", "Src\RhinoPlugin.Tests.RHInside\RhinoPlugin.Tests.RHInside.csproj", "{ACE64814-311F-4B9B-9DFE-31AE9A9030E3}"
EndProject
Global
	GlobalSection(SolutionConfigurationPlatforms) = preSolution
		Debug|Any CPU = Debug|Any CPU
		Release|Any CPU = Release|Any CPU
	EndGlobalSection
	GlobalSection(ProjectConfigurationPlatforms) = postSolution
		{804B1957-C51A-4A75-85EA-3575CFD77902}.Debug|Any CPU.ActiveCfg = Debug|Any CPU
		{804B1957-C51A-4A75-85EA-3575CFD77902}.Debug|Any CPU.Build.0 = Debug|Any CPU
		{804B1957-C51A-4A75-85EA-3575CFD77902}.Release|Any CPU.ActiveCfg = Release|Any CPU
		{804B1957-C51A-4A75-85EA-3575CFD77902}.Release|Any CPU.Build.0 = Release|Any CPU
		{5F877072-8EA6-4CE3-9A6B-6CF201E3CB73}.Debug|Any CPU.ActiveCfg = Debug|Any CPU
		{5F877072-8EA6-4CE3-9A6B-6CF201E3CB73}.Debug|Any CPU.Build.0 = Debug|Any CPU
		{5F877072-8EA6-4CE3-9A6B-6CF201E3CB73}.Release|Any CPU.ActiveCfg = Release|Any CPU
		{5F877072-8EA6-4CE3-9A6B-6CF201E3CB73}.Release|Any CPU.Build.0 = Release|Any CPU
		{ACE64814-311F-4B9B-9DFE-31AE9A9030E3}.Debug|Any CPU.ActiveCfg = Debug|Any CPU
		{ACE64814-311F-4B9B-9DFE-31AE9A9030E3}.Debug|Any CPU.Build.0 = Debug|Any CPU
		{ACE64814-311F-4B9B-9DFE-31AE9A9030E3}.Release|Any CPU.ActiveCfg = Release|Any CPU
		{ACE64814-311F-4B9B-9DFE-31AE9A9030E3}.Release|Any CPU.Build.0 = Release|Any CPU
	EndGlobalSection
	GlobalSection(SolutionProperties) = preSolution
		HideSolutionNode = FALSE
	EndGlobalSection
	GlobalSection(ExtensibilityGlobals) = postSolution
		SolutionGuid = {346AF59F-B441-42F3-BD15-687F0C64AD49}
	EndGlobalSection
EndGlobal
